
Microsoft Visual Studio Solution File, Format Version 12.00
# Visual Studio Version 16
VisualStudioVersion = 16.0.31129.286
MinimumVisualStudioVersion = 10.0.40219.1
Project("{FAE04EC0-301F-11D3-BF4B-00C04F79EFBC}") = "ResultsMicroservice", "ResultsMicroservice.csproj", "{1FF0B61A-1495-41EB-AF73-8A9148C66D83}"
EndProject
Global
	GlobalSection(SolutionConfigurationPlatforms) = preSolution
		Debug|Any CPU = Debug|Any CPU
		Release|Any CPU = Release|Any CPU
	EndGlobalSection
	GlobalSection(ProjectConfigurationPlatforms) = postSolution
		{1FF0B61A-1495-41EB-AF73-8A9148C66D83}.Debug|Any CPU.ActiveCfg = Debug|Any CPU
		{1FF0B61A-1495-41EB-AF73-8A9148C66D83}.Debug|Any CPU.Build.0 = Debug|Any CPU
		{1FF0B61A-1495-41EB-AF73-8A9148C66D83}.Release|Any CPU.ActiveCfg = Release|Any CPU
		{1FF0B61A-1495-41EB-AF73-8A9148C66D83}.Release|Any CPU.Build.0 = Release|Any CPU
	EndGlobalSection
	GlobalSection(SolutionProperties) = preSolution
		HideSolutionNode = FALSE
	EndGlobalSection
	GlobalSection(ExtensibilityGlobals) = postSolution
		SolutionGuid = {71F698D6-08B3-4734-A56C-19D90484AC60}
	EndGlobalSection
EndGlobal
