
Microsoft Visual Studio Solution File, Format Version 12.00
# Visual Studio Version 16
VisualStudioVersion = 16.0.31129.286
MinimumVisualStudioVersion = 10.0.40219.1
Project("{FAE04EC0-301F-11D3-BF4B-00C04F79EFBC}") = "KafkaConsumer", "KafkaConsumer.csproj", "{18EACDA6-1F0F-42EF-8B5A-504D93870029}"
EndProject
Global
	GlobalSection(SolutionConfigurationPlatforms) = preSolution
		Debug|Any CPU = Debug|Any CPU
		Release|Any CPU = Release|Any CPU
	EndGlobalSection
	GlobalSection(ProjectConfigurationPlatforms) = postSolution
		{18EACDA6-1F0F-42EF-8B5A-504D93870029}.Debug|Any CPU.ActiveCfg = Debug|Any CPU
		{18EACDA6-1F0F-42EF-8B5A-504D93870029}.Debug|Any CPU.Build.0 = Debug|Any CPU
		{18EACDA6-1F0F-42EF-8B5A-504D93870029}.Release|Any CPU.ActiveCfg = Release|Any CPU
		{18EACDA6-1F0F-42EF-8B5A-504D93870029}.Release|Any CPU.Build.0 = Release|Any CPU
	EndGlobalSection
	GlobalSection(SolutionProperties) = preSolution
		HideSolutionNode = FALSE
	EndGlobalSection
	GlobalSection(ExtensibilityGlobals) = postSolution
		SolutionGuid = {21A1A7B9-0D12-474B-A593-E3E47DC277EB}
	EndGlobalSection
EndGlobal
